Microsoft Visual Studio Solution File, Format Version 12.00
# Visual Studio Version 17
VisualStudioVersion = 17.5.2.0
MinimumVisualStudioVersion = 10.0.40219.1
Project("{2150E333-8FDC-42A3-9474-1A3956D46DE8}") = "src", "src", "{827E0CD3-B72D-47B6-A68D-7590B98EB39B}"
EndProject
Project("{FAE04EC0-301F-11D3-BF4B-00C04F79EFBC}") = "Hse.Ratings.Api", "src\Hse.Ratings.Api\Hse.Ratings.Api.csproj", "{B681578D-9BA0-CCA1-3366-CA28E6DB2AFF}"
EndProject
Project("{FAE04EC0-301F-11D3-BF4B-00C04F79EFBC}") = "Hse.Ratings.Application", "src\Hse.Ratings.Application\Hse.Ratings.Application.csproj", "{39127DA9-E5D4-02FB-65BA-97F3FEDF348C}"
EndProject
Project("{FAE04EC0-301F-11D3-BF4B-00C04F79EFBC}") = "Hse.Ratings.Domain", "src\Hse.Ratings.Domain\Hse.Ratings.Domain.csproj", "{C20FBB4E-AEA4-02B4-F1CA-9EF103D11166}"
EndProject
Project("{FAE04EC0-301F-11D3-BF4B-00C04F79EFBC}") = "Hse.Ratings.Infrastructure", "src\Hse.Ratings.Infrastructure\Hse.Ratings.Infrastructure.csproj", "{D84DC4A8-FF8C-1190-F17F-94BE79ACA5B6}"
EndProject
Global
	GlobalSection(SolutionConfigurationPlatforms) = preSolution
		Debug|Any CPU = Debug|Any CPU
		Release|Any CPU = Release|Any CPU
	EndGlobalSection
	GlobalSection(ProjectConfigurationPlatforms) = postSolution
		{B681578D-9BA0-CCA1-3366-CA28E6DB2AFF}.Debug|Any CPU.ActiveCfg = Debug|Any CPU
		{B681578D-9BA0-CCA1-3366-CA28E6DB2AFF}.Debug|Any CPU.Build.0 = Debug|Any CPU
		{B681578D-9BA0-CCA1-3366-CA28E6DB2AFF}.Release|Any CPU.ActiveCfg = Release|Any CPU
		{B681578D-9BA0-CCA1-3366-CA28E6DB2AFF}.Release|Any CPU.Build.0 = Release|Any CPU
		{39127DA9-E5D4-02FB-65BA-97F3FEDF348C}.Debug|Any CPU.ActiveCfg = Debug|Any CPU
		{39127DA9-E5D4-02FB-65BA-97F3FEDF348C}.Debug|Any CPU.Build.0 = Debug|Any CPU
		{39127DA9-E5D4-02FB-65BA-97F3FEDF348C}.Release|Any CPU.ActiveCfg = Release|Any CPU
		{39127DA9-E5D4-02FB-65BA-97F3FEDF348C}.Release|Any CPU.Build.0 = Release|Any CPU
		{C20FBB4E-AEA4-02B4-F1CA-9EF103D11166}.Debug|Any CPU.ActiveCfg = Debug|Any CPU
		{C20FBB4E-AEA4-02B4-F1CA-9EF103D11166}.Debug|Any CPU.Build.0 = Debug|Any CPU
		{C20FBB4E-AEA4-02B4-F1CA-9EF103D11166}.Release|Any CPU.ActiveCfg = Release|Any CPU
		{C20FBB4E-AEA4-02B4-F1CA-9EF103D11166}.Release|Any CPU.Build.0 = Release|Any CPU
		{D84DC4A8-FF8C-1190-F17F-94BE79ACA5B6}.Debug|Any CPU.ActiveCfg = Debug|Any CPU
		{D84DC4A8-FF8C-1190-F17F-94BE79ACA5B6}.Debug|Any CPU.Build.0 = Debug|Any CPU
		{D84DC4A8-FF8C-1190-F17F-94BE79ACA5B6}.Release|Any CPU.ActiveCfg = Release|Any CPU
		{D84DC4A8-FF8C-1190-F17F-94BE79ACA5B6}.Release|Any CPU.Build.0 = Release|Any CPU
	EndGlobalSection
	GlobalSection(SolutionProperties) = preSolution
		HideSolutionNode = FALSE
	EndGlobalSection
	GlobalSection(NestedProjects) = preSolution
		{B681578D-9BA0-CCA1-3366-CA28E6DB2AFF} = {827E0CD3-B72D-47B6-A68D-7590B98EB39B}
		{39127DA9-E5D4-02FB-65BA-97F3FEDF348C} = {827E0CD3-B72D-47B6-A68D-7590B98EB39B}
		{C20FBB4E-AEA4-02B4-F1CA-9EF103D11166} = {827E0CD3-B72D-47B6-A68D-7590B98EB39B}
		{D84DC4A8-FF8C-1190-F17F-94BE79ACA5B6} = {827E0CD3-B72D-47B6-A68D-7590B98EB39B}
	EndGlobalSection
	GlobalSection(ExtensibilityGlobals) = postSolution
		SolutionGuid = {C7E0A92D-A438-42A7-90EC-22C4A0D9881D}
	EndGlobalSection
EndGlobal
